
Microsoft Visual Studio Solution File, Format Version 12.00
# Visual Studio Version 17
VisualStudioVersion = 17.6.33801.468
MinimumVisualStudioVersion = 10.0.40219.1
Project("{9A19103F-16F7-4668-BE54-9A1E7A4F7556}") = "BasicConsoleApp3", "BasicConsoleApp3\BasicConsoleApp3.csproj", "{4DB77CC2-353C-4437-AC0B-72AB2292F028}"
EndProject
Project("{FAE04EC0-301F-11D3-BF4B-00C04F79EFBC}") = "Display", "Display\Display.csproj", "{D685DFDC-8229-4E98-A83A-859E9D2B50D9}"
EndProject
Global
	GlobalSection(SolutionConfigurationPlatforms) = preSolution
		Debug|Any CPU = Debug|Any CPU
		Release|Any CPU = Release|Any CPU
	EndGlobalSection
	GlobalSection(ProjectConfigurationPlatforms) = postSolution
		{4DB77CC2-353C-4437-AC0B-72AB2292F028}.Debug|Any CPU.ActiveCfg = Debug|Any CPU
		{4DB77CC2-353C-4437-AC0B-72AB2292F028}.Debug|Any CPU.Build.0 = Debug|Any CPU
		{4DB77CC2-353C-4437-AC0B-72AB2292F028}.Release|Any CPU.ActiveCfg = Release|Any CPU
		{4DB77CC2-353C-4437-AC0B-72AB2292F028}.Release|Any CPU.Build.0 = Release|Any CPU
		{D685DFDC-8229-4E98-A83A-859E9D2B50D9}.Debug|Any CPU.ActiveCfg = Debug|Any CPU
		{D685DFDC-8229-4E98-A83A-859E9D2B50D9}.Debug|Any CPU.Build.0 = Debug|Any CPU
		{D685DFDC-8229-4E98-A83A-859E9D2B50D9}.Release|Any CPU.ActiveCfg = Release|Any CPU
		{D685DFDC-8229-4E98-A83A-859E9D2B50D9}.Release|Any CPU.Build.0 = Release|Any CPU
	EndGlobalSection
	GlobalSection(SolutionProperties) = preSolution
		HideSolutionNode = FALSE
	EndGlobalSection
	GlobalSection(ExtensibilityGlobals) = postSolution
		SolutionGuid = {F17D6325-75AE-49EE-BBBD-ECCBBF53E27B}
	EndGlobalSection
EndGlobal
