
Microsoft Visual Studio Solution File, Format Version 12.00
# Visual Studio Version 17
VisualStudioVersion = 17.6.33801.468
MinimumVisualStudioVersion = 10.0.40219.1
Project("{FAE04EC0-301F-11D3-BF4B-00C04F79EFBC}") = "Games", "Games\Games.csproj", "{23D48958-4F9B-4E9B-A75D-2AF010F463D2}"
EndProject
Project("{FAE04EC0-301F-11D3-BF4B-00C04F79EFBC}") = "Games.Tests", "Games.Tests\Games.Tests.csproj", "{B7C471D1-0AF3-49F7-8CDE-E3FF4F009215}"
EndProject
Global
	GlobalSection(SolutionConfigurationPlatforms) = preSolution
		Debug|Any CPU = Debug|Any CPU
		Release|Any CPU = Release|Any CPU
	EndGlobalSection
	GlobalSection(ProjectConfigurationPlatforms) = postSolution
		{23D48958-4F9B-4E9B-A75D-2AF010F463D2}.Debug|Any CPU.ActiveCfg = Debug|Any CPU
		{23D48958-4F9B-4E9B-A75D-2AF010F463D2}.Debug|Any CPU.Build.0 = Debug|Any CPU
		{23D48958-4F9B-4E9B-A75D-2AF010F463D2}.Release|Any CPU.ActiveCfg = Release|Any CPU
		{23D48958-4F9B-4E9B-A75D-2AF010F463D2}.Release|Any CPU.Build.0 = Release|Any CPU
		{B7C471D1-0AF3-49F7-8CDE-E3FF4F009215}.Debug|Any CPU.ActiveCfg = Debug|Any CPU
		{B7C471D1-0AF3-49F7-8CDE-E3FF4F009215}.Debug|Any CPU.Build.0 = Debug|Any CPU
		{B7C471D1-0AF3-49F7-8CDE-E3FF4F009215}.Release|Any CPU.ActiveCfg = Release|Any CPU
		{B7C471D1-0AF3-49F7-8CDE-E3FF4F009215}.Release|Any CPU.Build.0 = Release|Any CPU
	EndGlobalSection
	GlobalSection(SolutionProperties) = preSolution
		HideSolutionNode = FALSE
	EndGlobalSection
	GlobalSection(ExtensibilityGlobals) = postSolution
		SolutionGuid = {5CAB8941-48CF-4677-8A9F-5689D18979AF}
	EndGlobalSection
EndGlobal
