
Microsoft Visual Studio Solution File, Format Version 12.00
# Visual Studio Version 17
VisualStudioVersion = 17.6.33801.468
MinimumVisualStudioVersion = 10.0.40219.1
Project("{FAE04EC0-301F-11D3-BF4B-00C04F79EFBC}") = "GreeterPractice", "GreeterPractice\GreeterPractice.csproj", "{B10B41F5-7ED8-4144-BECE-8F11F81755FA}"
EndProject
Project("{FAE04EC0-301F-11D3-BF4B-00C04F79EFBC}") = "Greeter.UnitTests", "Greeter.UnitTests\Greeter.UnitTests.csproj", "{9F882E47-D711-47EE-9554-D8AC0144A3A1}"
EndProject
Global
	GlobalSection(SolutionConfigurationPlatforms) = preSolution
		Debug|Any CPU = Debug|Any CPU
		Release|Any CPU = Release|Any CPU
	EndGlobalSection
	GlobalSection(ProjectConfigurationPlatforms) = postSolution
		{B10B41F5-7ED8-4144-BECE-8F11F81755FA}.Debug|Any CPU.ActiveCfg = Debug|Any CPU
		{B10B41F5-7ED8-4144-BECE-8F11F81755FA}.Debug|Any CPU.Build.0 = Debug|Any CPU
		{B10B41F5-7ED8-4144-BECE-8F11F81755FA}.Release|Any CPU.ActiveCfg = Release|Any CPU
		{B10B41F5-7ED8-4144-BECE-8F11F81755FA}.Release|Any CPU.Build.0 = Release|Any CPU
		{9F882E47-D711-47EE-9554-D8AC0144A3A1}.Debug|Any CPU.ActiveCfg = Debug|Any CPU
		{9F882E47-D711-47EE-9554-D8AC0144A3A1}.Debug|Any CPU.Build.0 = Debug|Any CPU
		{9F882E47-D711-47EE-9554-D8AC0144A3A1}.Release|Any CPU.ActiveCfg = Release|Any CPU
		{9F882E47-D711-47EE-9554-D8AC0144A3A1}.Release|Any CPU.Build.0 = Release|Any CPU
	EndGlobalSection
	GlobalSection(SolutionProperties) = preSolution
		HideSolutionNode = FALSE
	EndGlobalSection
	GlobalSection(ExtensibilityGlobals) = postSolution
		SolutionGuid = {E6D50EA5-1BB3-4867-9804-9A02E1F6332F}
	EndGlobalSection
EndGlobal
